
Microsoft Visual Studio Solution File, Format Version 12.00
# Visual Studio Version 16
VisualStudioVersion = 16.0.30717.126
MinimumVisualStudioVersion = 10.0.40219.1
Project("{FAE04EC0-301F-11D3-BF4B-00C04F79EFBC}") = "SecuritySystemView", "SecuritySystemView\SecuritySystemView.csproj", "{D6A5D642-4B1E-4DED-B0DF-F66214FB09DE}"
EndProject
Project("{9A19103F-16F7-4668-BE54-9A1E7A4F7556}") = "SecuritySystemBusinessLogic", "SecuritySystemBusinessLogic\SecuritySystemBusinessLogic.csproj", "{BE0AA465-38A3-4CF7-8780-AF035D01416B}"
EndProject
Project("{9A19103F-16F7-4668-BE54-9A1E7A4F7556}") = "SecuritySystemListImplement", "SecuritySystemListImplement\SecuritySystemListImplement.csproj", "{09D113C9-2B8C-46D8-BD01-B1C6F898831F}"
EndProject
Project("{9A19103F-16F7-4668-BE54-9A1E7A4F7556}") = "SecuritySystemFileImplement", "SecuritySystemFileImplement\SecuritySystemFileImplement.csproj", "{F19940ED-5246-4B78-A4C4-68C681680552}"
EndProject
Project("{9A19103F-16F7-4668-BE54-9A1E7A4F7556}") = "SecuritySystemDatabaseImplement", "SecuritySystemDatabaseImplement\SecuritySystemDatabaseImplement.csproj", "{B8D5086B-63B6-4F46-A4FD-D97E2C2AA04A}"
EndProject
Project("{9A19103F-16F7-4668-BE54-9A1E7A4F7556}") = "SecuritySystemRestApi", "SecuritySystemRestApi\SecuritySystemRestApi.csproj", "{837C0D59-D0CA-4C7E-87B9-E59065B4B75F}"
EndProject
Project("{9A19103F-16F7-4668-BE54-9A1E7A4F7556}") = "SecuritySystemClientApp", "SecuritySistemClientApp\SecuritySystemClientApp.csproj", "{201874EE-54DB-4DCB-886C-3CDF3AFBBF8F}"
EndProject
Project("{FAE04EC0-301F-11D3-BF4B-00C04F79EFBC}") = "StoreHouseWebApp", "StoreHouseWebApp\StoreHouseWebApp.csproj", "{3A43641C-526F-409A-8263-27BE4E0C0B82}"
EndProject
Global
	GlobalSection(SolutionConfigurationPlatforms) = preSolution
		Debug|Any CPU = Debug|Any CPU
		Release|Any CPU = Release|Any CPU
	EndGlobalSection
	GlobalSection(ProjectConfigurationPlatforms) = postSolution
		{D6A5D642-4B1E-4DED-B0DF-F66214FB09DE}.Debug|Any CPU.ActiveCfg = Debug|Any CPU
		{D6A5D642-4B1E-4DED-B0DF-F66214FB09DE}.Debug|Any CPU.Build.0 = Debug|Any CPU
		{D6A5D642-4B1E-4DED-B0DF-F66214FB09DE}.Release|Any CPU.ActiveCfg = Release|Any CPU
		{D6A5D642-4B1E-4DED-B0DF-F66214FB09DE}.Release|Any CPU.Build.0 = Release|Any CPU
		{BE0AA465-38A3-4CF7-8780-AF035D01416B}.Debug|Any CPU.ActiveCfg = Debug|Any CPU
		{BE0AA465-38A3-4CF7-8780-AF035D01416B}.Debug|Any CPU.Build.0 = Debug|Any CPU
		{BE0AA465-38A3-4CF7-8780-AF035D01416B}.Release|Any CPU.ActiveCfg = Release|Any CPU
		{BE0AA465-38A3-4CF7-8780-AF035D01416B}.Release|Any CPU.Build.0 = Release|Any CPU
		{09D113C9-2B8C-46D8-BD01-B1C6F898831F}.Debug|Any CPU.ActiveCfg = Debug|Any CPU
		{09D113C9-2B8C-46D8-BD01-B1C6F898831F}.Debug|Any CPU.Build.0 = Debug|Any CPU
		{09D113C9-2B8C-46D8-BD01-B1C6F898831F}.Release|Any CPU.ActiveCfg = Release|Any CPU
		{09D113C9-2B8C-46D8-BD01-B1C6F898831F}.Release|Any CPU.Build.0 = Release|Any CPU
		{F19940ED-5246-4B78-A4C4-68C681680552}.Debug|Any CPU.ActiveCfg = Debug|Any CPU
		{F19940ED-5246-4B78-A4C4-68C681680552}.Debug|Any CPU.Build.0 = Debug|Any CPU
		{F19940ED-5246-4B78-A4C4-68C681680552}.Release|Any CPU.ActiveCfg = Release|Any CPU
		{F19940ED-5246-4B78-A4C4-68C681680552}.Release|Any CPU.Build.0 = Release|Any CPU
		{B8D5086B-63B6-4F46-A4FD-D97E2C2AA04A}.Debug|Any CPU.ActiveCfg = Debug|Any CPU
		{B8D5086B-63B6-4F46-A4FD-D97E2C2AA04A}.Debug|Any CPU.Build.0 = Debug|Any CPU
		{B8D5086B-63B6-4F46-A4FD-D97E2C2AA04A}.Release|Any CPU.ActiveCfg = Release|Any CPU
		{B8D5086B-63B6-4F46-A4FD-D97E2C2AA04A}.Release|Any CPU.Build.0 = Release|Any CPU
		{837C0D59-D0CA-4C7E-87B9-E59065B4B75F}.Debug|Any CPU.ActiveCfg = Debug|Any CPU
		{837C0D59-D0CA-4C7E-87B9-E59065B4B75F}.Debug|Any CPU.Build.0 = Debug|Any CPU
		{837C0D59-D0CA-4C7E-87B9-E59065B4B75F}.Release|Any CPU.ActiveCfg = Release|Any CPU
		{837C0D59-D0CA-4C7E-87B9-E59065B4B75F}.Release|Any CPU.Build.0 = Release|Any CPU
		{201874EE-54DB-4DCB-886C-3CDF3AFBBF8F}.Debug|Any CPU.ActiveCfg = Debug|Any CPU
		{201874EE-54DB-4DCB-886C-3CDF3AFBBF8F}.Debug|Any CPU.Build.0 = Debug|Any CPU
		{201874EE-54DB-4DCB-886C-3CDF3AFBBF8F}.Release|Any CPU.ActiveCfg = Release|Any CPU
		{201874EE-54DB-4DCB-886C-3CDF3AFBBF8F}.Release|Any CPU.Build.0 = Release|Any CPU
		{3A43641C-526F-409A-8263-27BE4E0C0B82}.Debug|Any CPU.ActiveCfg = Debug|Any CPU
		{3A43641C-526F-409A-8263-27BE4E0C0B82}.Debug|Any CPU.Build.0 = Debug|Any CPU
		{3A43641C-526F-409A-8263-27BE4E0C0B82}.Release|Any CPU.ActiveCfg = Release|Any CPU
		{3A43641C-526F-409A-8263-27BE4E0C0B82}.Release|Any CPU.Build.0 = Release|Any CPU
	EndGlobalSection
	GlobalSection(SolutionProperties) = preSolution
		HideSolutionNode = FALSE
	EndGlobalSection
	GlobalSection(ExtensibilityGlobals) = postSolution
		SolutionGuid = {69A25391-D1F2-40E0-A0C1-5D6C670E96B2}
	EndGlobalSection
EndGlobal
